// !$*UTF8*$!
{
	archiveVersion = 1;
	classes = {
	};
	objectVersion = 46;
	objects = {

/* Begin PBXBuildFile section */
		881104A91CECB79400CE1758 /* AppDelegate.swift in Sources */ = {isa = PBXBuildFile; fileRef = 881104A81CECB79400CE1758 /* AppDelegate.swift */; };
		881104AE1CECB79400CE1758 /* Main.storyboard in Resources */ = {isa = PBXBuildFile; fileRef = 881104AC1CECB79400CE1758 /* Main.storyboard */; };
		881104B01CECB79400CE1758 /* Assets.xcassets in Resources */ = {isa = PBXBuildFile; fileRef = 881104AF1CECB79400CE1758 /* Assets.xcassets */; };
		881104B31CECB79400CE1758 /* LaunchScreen.storyboard in Resources */ = {isa = PBXBuildFile; fileRef = 881104B11CECB79400CE1758 /* LaunchScreen.storyboard */; };
		881104BB1CECD9E000CE1758 /* Training.swift in Sources */ = {isa = PBXBuildFile; fileRef = 881104BA1CECD9E000CE1758 /* Training.swift */; };
		881104C11CECDE7200CE1758 /* TrainingCell.xib in Resources */ = {isa = PBXBuildFile; fileRef = 881104C01CECDE7200CE1758 /* TrainingCell.xib */; };
		881104C31CECE03000CE1758 /* TrainingTableViewCell.swift in Sources */ = {isa = PBXBuildFile; fileRef = 881104C21CECE03000CE1758 /* TrainingTableViewCell.swift */; };
		88485DF01DA4FFF0008B0BA4 /* LoginViewController.swift in Sources */ = {isa = PBXBuildFile; fileRef = 88485DEF1DA4FFF0008B0BA4 /* LoginViewController.swift */; };
		88485DF21DA507A5008B0BA4 /* logo-red.png in Resources */ = {isa = PBXBuildFile; fileRef = 88485DF11DA507A5008B0BA4 /* logo-red.png */; };
		88485DF41DA508E0008B0BA4 /* stocznia.jpg in Resources */ = {isa = PBXBuildFile; fileRef = 88485DF31DA508E0008B0BA4 /* stocznia.jpg */; };
		88485DFC1DA53109008B0BA4 /* MyReservationsViewController.swift in Sources */ = {isa = PBXBuildFile; fileRef = 88485DFB1DA53109008B0BA4 /* MyReservationsViewController.swift */; };
		88485DFE1DA54B78008B0BA4 /* HttpManager.swift in Sources */ = {isa = PBXBuildFile; fileRef = 88485DFD1DA54B78008B0BA4 /* HttpManager.swift */; };
		88738BF71DA7B9D0008C8AAC /* ParsedTraining.swift in Sources */ = {isa = PBXBuildFile; fileRef = 88738BF61DA7B9D0008C8AAC /* ParsedTraining.swift */; };
		8874F9621DA67B9C00669E78 /* ScheduleTableViewController.swift in Sources */ = {isa = PBXBuildFile; fileRef = 8874F9611DA67B9B00669E78 /* ScheduleTableViewController.swift */; };
		8881C9A71DAB9CF5003A00C5 /* DetailViewController.swift in Sources */ = {isa = PBXBuildFile; fileRef = 8881C9A61DAB9CF5003A00C5 /* DetailViewController.swift */; };
		8881C9A91DABA1F1003A00C5 /* DimmingPresentationController.swift in Sources */ = {isa = PBXBuildFile; fileRef = 8881C9A81DABA1F1003A00C5 /* DimmingPresentationController.swift */; };
		8881C9AE1DABB202003A00C5 /* GradientView.swift in Sources */ = {isa = PBXBuildFile; fileRef = 8881C9AD1DABB202003A00C5 /* GradientView.swift */; };
		889194611E9817D300AEE171 /* EndpointsConstants.swift in Sources */ = {isa = PBXBuildFile; fileRef = 889194601E9817D300AEE171 /* EndpointsConstants.swift */; };
		88AC1EE31DB5288900D5DAB0 /* Section.swift in Sources */ = {isa = PBXBuildFile; fileRef = 88AC1EE21DB5288900D5DAB0 /* Section.swift */; };
		956BB00B1EB0B6F300970566 /* Booking.swift in Sources */ = {isa = PBXBuildFile; fileRef = 956BB00A1EB0B6F300970566 /* Booking.swift */; };
		E3B52CC6D1602A4E7304CC37 /* Pods_CrossfitStocznia.framework in Frameworks */ = {isa = PBXBuildFile; fileRef = 1BA151A015D84FAC5A813931 /* Pods_CrossfitStocznia.framework */; };
/* End PBXBuildFile section */

/* Begin PBXFileReference section */
		1BA151A015D84FAC5A813931 /* Pods_CrossfitStocznia.framework */ = {isa = PBXFileReference; explicitFileType = wrapper.framework; includeInIndex = 0; path = Pods_CrossfitStocznia.framework; sourceTree = BUILT_PRODUCTS_DIR; };
		881104A51CECB79400CE1758 /* CrossfitStocznia.app */ = {isa = PBXFileReference; explicitFileType = wrapper.application; includeInIndex = 0; path = CrossfitStocznia.app; sourceTree = BUILT_PRODUCTS_DIR; };
		881104A81CECB79400CE1758 /* AppDelegate.swift */ = {isa = PBXFileReference; lastKnownFileType = sourcecode.swift; path = AppDelegate.swift; sourceTree = "<group>"; };
		881104AD1CECB79400CE1758 /* Base */ = {isa = PBXFileReference; lastKnownFileType = file.storyboard; name = Base; path = Base.lproj/Main.storyboard; sourceTree = "<group>"; };
		881104AF1CECB79400CE1758 /* Assets.xcassets */ = {isa = PBXFileReference; lastKnownFileType = folder.assetcatalog; path = Assets.xcassets; sourceTree = "<group>"; };
		881104B21CECB79400CE1758 /* Base */ = {isa = PBXFileReference; lastKnownFileType = file.storyboard; name = Base; path = Base.lproj/LaunchScreen.storyboard; sourceTree = "<group>"; };
		881104B41CECB79400CE1758 /* Info.plist */ = {isa = PBXFileReference; lastKnownFileType = text.plist.xml; path = Info.plist; sourceTree = "<group>"; };
		881104BA1CECD9E000CE1758 /* Training.swift */ = {isa = PBXFileReference; fileEncoding = 4; lastKnownFileType = sourcecode.swift; path = Training.swift; sourceTree = "<group>"; };
		881104C01CECDE7200CE1758 /* TrainingCell.xib */ = {isa = PBXFileReference; fileEncoding = 4; lastKnownFileType = file.xib; path = TrainingCell.xib; sourceTree = "<group>"; };
		881104C21CECE03000CE1758 /* TrainingTableViewCell.swift */ = {isa = PBXFileReference; fileEncoding = 4; lastKnownFileType = sourcecode.swift; path = TrainingTableViewCell.swift; sourceTree = "<group>"; };
		88485DEF1DA4FFF0008B0BA4 /* LoginViewController.swift */ = {isa = PBXFileReference; fileEncoding = 4; lastKnownFileType = sourcecode.swift; path = LoginViewController.swift; sourceTree = "<group>"; };
		88485DF11DA507A5008B0BA4 /* logo-red.png */ = {isa = PBXFileReference; lastKnownFileType = image.png; path = "logo-red.png"; sourceTree = "<group>"; };
		88485DF31DA508E0008B0BA4 /* stocznia.jpg */ = {isa = PBXFileReference; lastKnownFileType = image.jpeg; path = stocznia.jpg; sourceTree = "<group>"; };
		88485DFB1DA53109008B0BA4 /* MyReservationsViewController.swift */ = {isa = PBXFileReference; fileEncoding = 4; lastKnownFileType = sourcecode.swift; path = MyReservationsViewController.swift; sourceTree = "<group>"; };
		88485DFD1DA54B78008B0BA4 /* HttpManager.swift */ = {isa = PBXFileReference; fileEncoding = 4; lastKnownFileType = sourcecode.swift; path = HttpManager.swift; sourceTree = "<group>"; };
		88738BF61DA7B9D0008C8AAC /* ParsedTraining.swift */ = {isa = PBXFileReference; fileEncoding = 4; lastKnownFileType = sourcecode.swift; path = ParsedTraining.swift; sourceTree = "<group>"; };
		8874F9611DA67B9B00669E78 /* ScheduleTableViewController.swift */ = {isa = PBXFileReference; fileEncoding = 4; lastKnownFileType = sourcecode.swift; path = ScheduleTableViewController.swift; sourceTree = "<group>"; };
		8881C9A61DAB9CF5003A00C5 /* DetailViewController.swift */ = {isa = PBXFileReference; fileEncoding = 4; lastKnownFileType = sourcecode.swift; path = DetailViewController.swift; sourceTree = "<group>"; };
		8881C9A81DABA1F1003A00C5 /* DimmingPresentationController.swift */ = {isa = PBXFileReference; fileEncoding = 4; lastKnownFileType = sourcecode.swift; path = DimmingPresentationController.swift; sourceTree = "<group>"; };
		8881C9AD1DABB202003A00C5 /* GradientView.swift */ = {isa = PBXFileReference; fileEncoding = 4; lastKnownFileType = sourcecode.swift; path = GradientView.swift; sourceTree = "<group>"; };
		889194601E9817D300AEE171 /* EndpointsConstants.swift */ = {isa = PBXFileReference; fileEncoding = 4; lastKnownFileType = sourcecode.swift; path = EndpointsConstants.swift; sourceTree = "<group>"; };
		88AC1EE21DB5288900D5DAB0 /* Section.swift */ = {isa = PBXFileReference; fileEncoding = 4; lastKnownFileType = sourcecode.swift; path = Section.swift; sourceTree = "<group>"; };
		956BB00A1EB0B6F300970566 /* Booking.swift */ = {isa = PBXFileReference; fileEncoding = 4; lastKnownFileType = sourcecode.swift; path = Booking.swift; sourceTree = "<group>"; };
		E58DF327319ACA07E056330F /* Pods-CrossfitStocznia.release.xcconfig */ = {isa = PBXFileReference; includeInIndex = 1; lastKnownFileType = text.xcconfig; name = "Pods-CrossfitStocznia.release.xcconfig"; path = "Pods/Target Support Files/Pods-CrossfitStocznia/Pods-CrossfitStocznia.release.xcconfig"; sourceTree = "<group>"; };
		F19F0A021264137E33D4E02B /* Pods-CrossfitStocznia.debug.xcconfig */ = {isa = PBXFileReference; includeInIndex = 1; lastKnownFileType = text.xcconfig; name = "Pods-CrossfitStocznia.debug.xcconfig"; path = "Pods/Target Support Files/Pods-CrossfitStocznia/Pods-CrossfitStocznia.debug.xcconfig"; sourceTree = "<group>"; };
/* End PBXFileReference section */

/* Begin PBXFrameworksBuildPhase section */
		881104A21CECB79400CE1758 /* Frameworks */ = {
			isa = PBXFrameworksBuildPhase;
			buildActionMask = 2147483647;
			files = (
				E3B52CC6D1602A4E7304CC37 /* Pods_CrossfitStocznia.framework in Frameworks */,
			);
			runOnlyForDeploymentPostprocessing = 0;
		};
/* End PBXFrameworksBuildPhase section */

/* Begin PBXGroup section */
		8811049C1CECB79400CE1758 = {
			isa = PBXGroup;
			children = (
				881104A71CECB79400CE1758 /* CrossfitStocznia */,
				881104A61CECB79400CE1758 /* Products */,
				B193EB847BAB322093CA45AF /* Pods */,
				EC1BB64F85A1656A014D14AE /* Frameworks */,
			);
			sourceTree = "<group>";
		};
		881104A61CECB79400CE1758 /* Products */ = {
			isa = PBXGroup;
			children = (
				881104A51CECB79400CE1758 /* CrossfitStocznia.app */,
			);
			name = Products;
			sourceTree = "<group>";
		};
		881104A71CECB79400CE1758 /* CrossfitStocznia */ = {
			isa = PBXGroup;
			children = (
				881104A81CECB79400CE1758 /* AppDelegate.swift */,
				881104AC1CECB79400CE1758 /* Main.storyboard */,
				881104AF1CECB79400CE1758 /* Assets.xcassets */,
				88485DF11DA507A5008B0BA4 /* logo-red.png */,
				881104B11CECB79400CE1758 /* LaunchScreen.storyboard */,
				881104B41CECB79400CE1758 /* Info.plist */,
				88485DF31DA508E0008B0BA4 /* stocznia.jpg */,
				889194211E96923700AEE171 /* Model */,
				881104C01CECDE7200CE1758 /* TrainingCell.xib */,
				881104C21CECE03000CE1758 /* TrainingTableViewCell.swift */,
				889194221E96926100AEE171 /* Controllers */,
				88485DFD1DA54B78008B0BA4 /* HttpManager.swift */,
				8881C9AA1DABA286003A00C5 /* PopupView */,
				889194601E9817D300AEE171 /* EndpointsConstants.swift */,
			);
			path = CrossfitStocznia;
			sourceTree = "<group>";
		};
		8881C9AA1DABA286003A00C5 /* PopupView */ = {
			isa = PBXGroup;
			children = (
				8881C9A61DAB9CF5003A00C5 /* DetailViewController.swift */,
				8881C9A81DABA1F1003A00C5 /* DimmingPresentationController.swift */,
				8881C9AD1DABB202003A00C5 /* GradientView.swift */,
			);
			name = PopupView;
			sourceTree = "<group>";
		};
		889194211E96923700AEE171 /* Model */ = {
			isa = PBXGroup;
			children = (
				88AC1EE21DB5288900D5DAB0 /* Section.swift */,
				881104BA1CECD9E000CE1758 /* Training.swift */,
				88738BF61DA7B9D0008C8AAC /* ParsedTraining.swift */,
				956BB00A1EB0B6F300970566 /* Booking.swift */,
			);
			name = Model;
			sourceTree = "<group>";
		};
		889194221E96926100AEE171 /* Controllers */ = {
			isa = PBXGroup;
			children = (
				88485DEF1DA4FFF0008B0BA4 /* LoginViewController.swift */,
				88485DFB1DA53109008B0BA4 /* MyReservationsViewController.swift */,
				8874F9611DA67B9B00669E78 /* ScheduleTableViewController.swift */,
			);
			name = Controllers;
			sourceTree = "<group>";
		};
		B193EB847BAB322093CA45AF /* Pods */ = {
			isa = PBXGroup;
			children = (
				F19F0A021264137E33D4E02B /* Pods-CrossfitStocznia.debug.xcconfig */,
				E58DF327319ACA07E056330F /* Pods-CrossfitStocznia.release.xcconfig */,
			);
			name = Pods;
			sourceTree = "<group>";
		};
		EC1BB64F85A1656A014D14AE /* Frameworks */ = {
			isa = PBXGroup;
			children = (
				1BA151A015D84FAC5A813931 /* Pods_CrossfitStocznia.framework */,
			);
			name = Frameworks;
			sourceTree = "<group>";
		};
/* End PBXGroup section */

/* Begin PBXNativeTarget section */
		881104A41CECB79400CE1758 /* CrossfitStocznia */ = {
			isa = PBXNativeTarget;
			buildConfigurationList = 881104B71CECB79400CE1758 /* Build configuration list for PBXNativeTarget "CrossfitStocznia" */;
			buildPhases = (
				46612B31FF84818C091ED1F4 /* [CP] Check Pods Manifest.lock */,
				881104A11CECB79400CE1758 /* Sources */,
				881104A21CECB79400CE1758 /* Frameworks */,
				881104A31CECB79400CE1758 /* Resources */,
				7B6192AABF11A61C2457CE2C /* [CP] Embed Pods Frameworks */,
				9D7BBCBC88C9FCD7D8D665E3 /* [CP] Copy Pods Resources */,
			);
			buildRules = (
			);
			dependencies = (
			);
			name = CrossfitStocznia;
			productName = CrossfitStocznia;
			productReference = 881104A51CECB79400CE1758 /* CrossfitStocznia.app */;
			productType = "com.apple.product-type.application";
		};
/* End PBXNativeTarget section */

/* Begin PBXProject section */
		8811049D1CECB79400CE1758 /* Project object */ = {
			isa = PBXProject;
			attributes = {
				LastSwiftUpdateCheck = 0730;
				LastUpgradeCheck = 0830;
				ORGANIZATIONNAME = Jakub;
				TargetAttributes = {
					881104A41CECB79400CE1758 = {
						CreatedOnToolsVersion = 7.3.1;
						DevelopmentTeam = C8GDQ65SQ3;
						LastSwiftMigration = 0800;
						ProvisioningStyle = Automatic;
					};
				};
			};
			buildConfigurationList = 881104A01CECB79400CE1758 /* Build configuration list for PBXProject "CrossfitStocznia" */;
			compatibilityVersion = "Xcode 3.2";
			developmentRegion = English;
			hasScannedForEncodings = 0;
			knownRegions = (
				en,
				Base,
			);
			mainGroup = 8811049C1CECB79400CE1758;
			productRefGroup = 881104A61CECB79400CE1758 /* Products */;
			projectDirPath = "";
			projectRoot = "";
			targets = (
				881104A41CECB79400CE1758 /* CrossfitStocznia */,
			);
		};
/* End PBXProject section */

/* Begin PBXResourcesBuildPhase section */
		881104A31CECB79400CE1758 /* Resources */ = {
			isa = PBXResourcesBuildPhase;
			buildActionMask = 2147483647;
			files = (
				881104B31CECB79400CE1758 /* LaunchScreen.storyboard in Resources */,
				88485DF21DA507A5008B0BA4 /* logo-red.png in Resources */,
				881104C11CECDE7200CE1758 /* TrainingCell.xib in Resources */,
				881104B01CECB79400CE1758 /* Assets.xcassets in Resources */,
				88485DF41DA508E0008B0BA4 /* stocznia.jpg in Resources */,
				881104AE1CECB79400CE1758 /* Main.storyboard in Resources */,
			);
			runOnlyForDeploymentPostprocessing = 0;
		};
/* End PBXResourcesBuildPhase section */

/* Begin PBXShellScriptBuildPhase section */
		46612B31FF84818C091ED1F4 /* [CP] Check Pods Manifest.lock */ = {
			isa = PBXShellScriptBuildPhase;
			buildActionMask = 2147483647;
			files = (
			);
			inputPaths = (
			);
			name = "[CP] Check Pods Manifest.lock";
			outputPaths = (
			);
			runOnlyForDeploymentPostprocessing = 0;
			shellPath = /bin/sh;
			shellScript = "diff \"${PODS_PODFILE_DIR_PATH}/Podfile.lock\" \"${PODS_ROOT}/Manifest.lock\" > /dev/null\nif [ $? != 0 ] ; then\n    # print error to STDERR\n    echo \"error: The sandbox is not in sync with the Podfile.lock. Run 'pod install' or update your CocoaPods installation.\" >&2\n    exit 1\nfi\n";
			showEnvVarsInLog = 0;
		};
		7B6192AABF11A61C2457CE2C /* [CP] Embed Pods Frameworks */ = {
			isa = PBXShellScriptBuildPhase;
			buildActionMask = 2147483647;
			files = (
			);
			inputPaths = (
			);
			name = "[CP] Embed Pods Frameworks";
			outputPaths = (
			);
			runOnlyForDeploymentPostprocessing = 0;
			shellPath = /bin/sh;
			shellScript = "\"${SRCROOT}/Pods/Target Support Files/Pods-CrossfitStocznia/Pods-CrossfitStocznia-frameworks.sh\"\n";
			showEnvVarsInLog = 0;
		};
		9D7BBCBC88C9FCD7D8D665E3 /* [CP] Copy Pods Resources */ = {
			isa = PBXShellScriptBuildPhase;
			buildActionMask = 2147483647;
			files = (
			);
			inputPaths = (
			);
			name = "[CP] Copy Pods Resources";
			outputPaths = (
			);
			runOnlyForDeploymentPostprocessing = 0;
			shellPath = /bin/sh;
			shellScript = "\"${SRCROOT}/Pods/Target Support Files/Pods-CrossfitStocznia/Pods-CrossfitStocznia-resources.sh\"\n";
			showEnvVarsInLog = 0;
		};
/* End PBXShellScriptBuildPhase section */

/* Begin PBXSourcesBuildPhase section */
		881104A11CECB79400CE1758 /* Sources */ = {
			isa = PBXSourcesBuildPhase;
			buildActionMask = 2147483647;
			files = (
				8881C9A71DAB9CF5003A00C5 /* DetailViewController.swift in Sources */,
				8881C9A91DABA1F1003A00C5 /* DimmingPresentationController.swift in Sources */,
				8881C9AE1DABB202003A00C5 /* GradientView.swift in Sources */,
				8874F9621DA67B9C00669E78 /* ScheduleTableViewController.swift in Sources */,
				881104C31CECE03000CE1758 /* TrainingTableViewCell.swift in Sources */,
				88485DFE1DA54B78008B0BA4 /* HttpManager.swift in Sources */,
				889194611E9817D300AEE171 /* EndpointsConstants.swift in Sources */,
				88738BF71DA7B9D0008C8AAC /* ParsedTraining.swift in Sources */,
				88485DFC1DA53109008B0BA4 /* MyReservationsViewController.swift in Sources */,
				956BB00B1EB0B6F300970566 /* Booking.swift in Sources */,
				881104BB1CECD9E000CE1758 /* Training.swift in Sources */,
				88AC1EE31DB5288900D5DAB0 /* Section.swift in Sources */,
				88485DF01DA4FFF0008B0BA4 /* LoginViewController.swift in Sources */,
				881104A91CECB79400CE1758 /* AppDelegate.swift in Sources */,
			);
			runOnlyForDeploymentPostprocessing = 0;
		};
/* End PBXSourcesBuildPhase section */

/* Begin PBXVariantGroup section */
		881104AC1CECB79400CE1758 /* Main.storyboard */ = {
			isa = PBXVariantGroup;
			children = (
				881104AD1CECB79400CE1758 /* Base */,
			);
			name = Main.storyboard;
			sourceTree = "<group>";
		};
		881104B11CECB79400CE1758 /* LaunchScreen.storyboard */ = {
			isa = PBXVariantGroup;
			children = (
				881104B21CECB79400CE1758 /* Base */,
			);
			name = LaunchScreen.storyboard;
			sourceTree = "<group>";
		};
/* End PBXVariantGroup section */

/* Begin XCBuildConfiguration section */
		881104B51CECB79400CE1758 /* Debug */ = {
			isa = XCBuildConfiguration;
			buildSettings = {
				ALWAYS_SEARCH_USER_PATHS = NO;
				CLANG_ANALYZER_NONNULL = YES;
				CLANG_CXX_LANGUAGE_STANDARD = "gnu++0x";
				CLANG_CXX_LIBRARY = "libc++";
				CLANG_ENABLE_MODULES = YES;
				CLANG_ENABLE_OBJC_ARC = YES;
				CLANG_WARN_BOOL_CONVERSION = YES;
				CLANG_WARN_CONSTANT_CONVERSION = YES;
				CLANG_WARN_DIRECT_OBJC_ISA_USAGE = YES_ERROR;
				CLANG_WARN_EMPTY_BODY = YES;
				CLANG_WARN_ENUM_CONVERSION = YES;
				CLANG_WARN_INFINITE_RECURSION = YES;
				CLANG_WARN_INT_CONVERSION = YES;
				CLANG_WARN_OBJC_ROOT_CLASS = YES_ERROR;
				CLANG_WARN_SUSPICIOUS_MOVE = YES;
				CLANG_WARN_UNREACHABLE_CODE = YES;
				CLANG_WARN__DUPLICATE_METHOD_MATCH = YES;
				CODE_SIGN_IDENTITY = "iPhone Distribution";
				"CODE_SIGN_IDENTITY[sdk=iphoneos*]" = "iPhone Developer";
				COPY_PHASE_STRIP = NO;
				DEBUG_INFORMATION_FORMAT = dwarf;
				ENABLE_STRICT_OBJC_MSGSEND = YES;
				ENABLE_TESTABILITY = YES;
				GCC_C_LANGUAGE_STANDARD = gnu99;
				GCC_DYNAMIC_NO_PIC = NO;
				GCC_NO_COMMON_BLOCKS = YES;
				GCC_OPTIMIZATION_LEVEL = 0;
				GCC_PREPROCESSOR_DEFINITIONS = (
					"DEBUG=1",
					"$(inherited)",
				);
				GCC_WARN_64_TO_32_BIT_CONVERSION = YES;
				GCC_WARN_ABOUT_RETURN_TYPE = YES_ERROR;
				GCC_WARN_UNDECLARED_SELECTOR = YES;
				GCC_WARN_UNINITIALIZED_AUTOS = YES_AGGRESSIVE;
				GCC_WARN_UNUSED_FUNCTION = YES;
				GCC_WARN_UNUSED_VARIABLE = YES;
				IPHONEOS_DEPLOYMENT_TARGET = 9.3;
				MTL_ENABLE_DEBUG_INFO = YES;
				ONLY_ACTIVE_ARCH = YES;
				SDKROOT = iphoneos;
				SWIFT_OPTIMIZATION_LEVEL = "-Onone";
			};
			name = Debug;
		};
		881104B61CECB79400CE1758 /* Release */ = {
			isa = XCBuildConfiguration;
			buildSettings = {
				ALWAYS_SEARCH_USER_PATHS = NO;
				CLANG_ANALYZER_NONNULL = YES;
				CLANG_CXX_LANGUAGE_STANDARD = "gnu++0x";
				CLANG_CXX_LIBRARY = "libc++";
				CLANG_ENABLE_MODULES = YES;
				CLANG_ENABLE_OBJC_ARC = YES;
				CLANG_WARN_BOOL_CONVERSION = YES;
				CLANG_WARN_CONSTANT_CONVERSION = YES;
				CLANG_WARN_DIRECT_OBJC_ISA_USAGE = YES_ERROR;
				CLANG_WARN_EMPTY_BODY = YES;
				CLANG_WARN_ENUM_CONVERSION = YES;
				CLANG_WARN_INFINITE_RECURSION = YES;
				CLANG_WARN_INT_CONVERSION = YES;
				CLANG_WARN_OBJC_ROOT_CLASS = YES_ERROR;
				CLANG_WARN_SUSPICIOUS_MOVE = YES;
				CLANG_WARN_UNREACHABLE_CODE = YES;
				CLANG_WARN__DUPLICATE_METHOD_MATCH = YES;
				CODE_SIGN_IDENTITY = "iPhone Distribution";
				"CODE_SIGN_IDENTITY[sdk=iphoneos*]" = "iPhone Distribution";
				COPY_PHASE_STRIP = NO;
				DEBUG_INFORMATION_FORMAT = "dwarf-with-dsym";
				ENABLE_NS_ASSERTIONS = NO;
				ENABLE_STRICT_OBJC_MSGSEND = YES;
				GCC_C_LANGUAGE_STANDARD = gnu99;
				GCC_NO_COMMON_BLOCKS = YES;
				GCC_WARN_64_TO_32_BIT_CONVERSION = YES;
				GCC_WARN_ABOUT_RETURN_TYPE = YES_ERROR;
				GCC_WARN_UNDECLARED_SELECTOR = YES;
				GCC_WARN_UNINITIALIZED_AUTOS = YES_AGGRESSIVE;
				GCC_WARN_UNUSED_FUNCTION = YES;
				GCC_WARN_UNUSED_VARIABLE = YES;
				IPHONEOS_DEPLOYMENT_TARGET = 9.3;
				MTL_ENABLE_DEBUG_INFO = NO;
				SDKROOT = iphoneos;
				SWIFT_OPTIMIZATION_LEVEL = "-Owholemodule";
				VALIDATE_PRODUCT = YES;
			};
			name = Release;
		};
		881104B81CECB79400CE1758 /* Debug */ = {
			isa = XCBuildConfiguration;
			baseConfigurationReference = F19F0A021264137E33D4E02B /* Pods-CrossfitStocznia.debug.xcconfig */;
			buildSettings = {
				ALWAYS_EMBED_SWIFT_STANDARD_LIBRARIES = YES;
				ASSETCATALOG_COMPILER_APPICON_NAME = AppIcon;
				"CODE_SIGN_IDENTITY[sdk=iphoneos*]" = "iPhone Developer";
				DEVELOPMENT_TEAM = C8GDQ65SQ3;
				INFOPLIST_FILE = CrossfitStocznia/Info.plist;
				LD_RUNPATH_SEARCH_PATHS = "$(inherited) @executable_path/Frameworks";
				PRODUCT_BUNDLE_IDENTIFIER = com.Jakub.CrossfitStocznia;
				PRODUCT_NAME = "$(TARGET_NAME)";
				SWIFT_VERSION = 3.0;
			};
			name = Debug;
		};
		881104B91CECB79400CE1758 /* Release */ = {
			isa = XCBuildConfiguration;
			baseConfigurationReference = E58DF327319ACA07E056330F /* Pods-CrossfitStocznia.release.xcconfig */;
			buildSettings = {
				ALWAYS_EMBED_SWIFT_STANDARD_LIBRARIES = YES;
				ASSETCATALOG_COMPILER_APPICON_NAME = AppIcon;
				"CODE_SIGN_IDENTITY[sdk=iphoneos*]" = "iPhone Developer";
				DEVELOPMENT_TEAM = C8GDQ65SQ3;
				INFOPLIST_FILE = CrossfitStocznia/Info.plist;
				LD_RUNPATH_SEARCH_PATHS = "$(inherited) @executable_path/Frameworks";
				PRODUCT_BUNDLE_IDENTIFIER = com.Jakub.CrossfitStocznia;
				PRODUCT_NAME = "$(TARGET_NAME)";
				SWIFT_VERSION = 3.0;
			};
			name = Release;
		};
/* End XCBuildConfiguration section */

/* Begin XCConfigurationList section */
		881104A01CECB79400CE1758 /* Build configuration list for PBXProject "CrossfitStocznia" */ = {
			isa = XCConfigurationList;
			buildConfigurations = (
				881104B51CECB79400CE1758 /* Debug */,
				881104B61CECB79400CE1758 /* Release */,
			);
			defaultConfigurationIsVisible = 0;
			defaultConfigurationName = Release;
		};
		881104B71CECB79400CE1758 /* Build configuration list for PBXNativeTarget "CrossfitStocznia" */ = {
			isa = XCConfigurationList;
			buildConfigurations = (
				881104B81CECB79400CE1758 /* Debug */,
				881104B91CECB79400CE1758 /* Release */,
			);
			defaultConfigurationIsVisible = 0;
			defaultConfigurationName = Release;
		};
/* End XCConfigurationList section */
	};
	rootObject = 8811049D1CECB79400CE1758 /* Project object */;
}
