// !$*UTF8*$!
{
	archiveVersion = 1;
	classes = {
	};
	objectVersion = 46;
	objects = {

/* Begin PBXBuildFile section */
		881104A91CECB79400CE1758 /* AppDelegate.swift in Sources */ = {isa = PBXBuildFile; fileRef = 881104A81CECB79400CE1758 /* AppDelegate.swift */; };
		881104AE1CECB79400CE1758 /* Main.storyboard in Resources */ = {isa = PBXBuildFile; fileRef = 881104AC1CECB79400CE1758 /* Main.storyboard */; };
		881104B01CECB79400CE1758 /* Assets.xcassets in Resources */ = {isa = PBXBuildFile; fileRef = 881104AF1CECB79400CE1758 /* Assets.xcassets */; };
		881104B31CECB79400CE1758 /* LaunchScreen.storyboard in Resources */ = {isa = PBXBuildFile; fileRef = 881104B11CECB79400CE1758 /* LaunchScreen.storyboard */; };
		881104BB1CECD9E000CE1758 /* Training.swift in Sources */ = {isa = PBXBuildFile; fileRef = 881104BA1CECD9E000CE1758 /* Training.swift */; };
		881104C11CECDE7200CE1758 /* TrainingCell.xib in Resources */ = {isa = PBXBuildFile; fileRef = 881104C01CECDE7200CE1758 /* TrainingCell.xib */; };
		881104C31CECE03000CE1758 /* TrainingTableViewCell.swift in Sources */ = {isa = PBXBuildFile; fileRef = 881104C21CECE03000CE1758 /* TrainingTableViewCell.swift */; };
		88485DF01DA4FFF0008B0BA4 /* LoginViewController.swift in Sources */ = {isa = PBXBuildFile; fileRef = 88485DEF1DA4FFF0008B0BA4 /* LoginViewController.swift */; };
		88485DF21DA507A5008B0BA4 /* logo-red.png in Resources */ = {isa = PBXBuildFile; fileRef = 88485DF11DA507A5008B0BA4 /* logo-red.png */; };
		88485DF41DA508E0008B0BA4 /* stocznia.jpg in Resources */ = {isa = PBXBuildFile; fileRef = 88485DF31DA508E0008B0BA4 /* stocznia.jpg */; };
		88485DFA1DA52D58008B0BA4 /* TrainingsTableViewController.swift in Sources */ = {isa = PBXBuildFile; fileRef = 88485DF91DA52D58008B0BA4 /* TrainingsTableViewController.swift */; };
		88485DFC1DA53109008B0BA4 /* MyReservationsViewController.swift in Sources */ = {isa = PBXBuildFile; fileRef = 88485DFB1DA53109008B0BA4 /* MyReservationsViewController.swift */; };
		88485DFE1DA54B78008B0BA4 /* HttpManager.swift in Sources */ = {isa = PBXBuildFile; fileRef = 88485DFD1DA54B78008B0BA4 /* HttpManager.swift */; };
/* End PBXBuildFile section */

/* Begin PBXFileReference section */
		881104A51CECB79400CE1758 /* CrossfitStocznia.app */ = {isa = PBXFileReference; explicitFileType = wrapper.application; includeInIndex = 0; path = CrossfitStocznia.app; sourceTree = BUILT_PRODUCTS_DIR; };
		881104A81CECB79400CE1758 /* AppDelegate.swift */ = {isa = PBXFileReference; lastKnownFileType = sourcecode.swift; path = AppDelegate.swift; sourceTree = "<group>"; };
		881104AD1CECB79400CE1758 /* Base */ = {isa = PBXFileReference; lastKnownFileType = file.storyboard; name = Base; path = Base.lproj/Main.storyboard; sourceTree = "<group>"; };
		881104AF1CECB79400CE1758 /* Assets.xcassets */ = {isa = PBXFileReference; lastKnownFileType = folder.assetcatalog; path = Assets.xcassets; sourceTree = "<group>"; };
		881104B21CECB79400CE1758 /* Base */ = {isa = PBXFileReference; lastKnownFileType = file.storyboard; name = Base; path = Base.lproj/LaunchScreen.storyboard; sourceTree = "<group>"; };
		881104B41CECB79400CE1758 /* Info.plist */ = {isa = PBXFileReference; lastKnownFileType = text.plist.xml; path = Info.plist; sourceTree = "<group>"; };
		881104BA1CECD9E000CE1758 /* Training.swift */ = {isa = PBXFileReference; fileEncoding = 4; lastKnownFileType = sourcecode.swift; path = Training.swift; sourceTree = "<group>"; };
		881104C01CECDE7200CE1758 /* TrainingCell.xib */ = {isa = PBXFileReference; fileEncoding = 4; lastKnownFileType = file.xib; path = TrainingCell.xib; sourceTree = "<group>"; };
		881104C21CECE03000CE1758 /* TrainingTableViewCell.swift */ = {isa = PBXFileReference; fileEncoding = 4; lastKnownFileType = sourcecode.swift; path = TrainingTableViewCell.swift; sourceTree = "<group>"; };
		88485DEF1DA4FFF0008B0BA4 /* LoginViewController.swift */ = {isa = PBXFileReference; fileEncoding = 4; lastKnownFileType = sourcecode.swift; path = LoginViewController.swift; sourceTree = "<group>"; };
		88485DF11DA507A5008B0BA4 /* logo-red.png */ = {isa = PBXFileReference; lastKnownFileType = image.png; path = "logo-red.png"; sourceTree = "<group>"; };
		88485DF31DA508E0008B0BA4 /* stocznia.jpg */ = {isa = PBXFileReference; lastKnownFileType = image.jpeg; path = stocznia.jpg; sourceTree = "<group>"; };
		88485DF91DA52D58008B0BA4 /* TrainingsTableViewController.swift */ = {isa = PBXFileReference; fileEncoding = 4; lastKnownFileType = sourcecode.swift; path = TrainingsTableViewController.swift; sourceTree = "<group>"; };
		88485DFB1DA53109008B0BA4 /* MyReservationsViewController.swift */ = {isa = PBXFileReference; fileEncoding = 4; lastKnownFileType = sourcecode.swift; path = MyReservationsViewController.swift; sourceTree = "<group>"; };
		88485DFD1DA54B78008B0BA4 /* HttpManager.swift */ = {isa = PBXFileReference; fileEncoding = 4; lastKnownFileType = sourcecode.swift; path = HttpManager.swift; sourceTree = "<group>"; };
/* End PBXFileReference section */

/* Begin PBXFrameworksBuildPhase section */
		881104A21CECB79400CE1758 /* Frameworks */ = {
			isa = PBXFrameworksBuildPhase;
			buildActionMask = 2147483647;
			files = (
			);
			runOnlyForDeploymentPostprocessing = 0;
		};
/* End PBXFrameworksBuildPhase section */

/* Begin PBXGroup section */
		8811049C1CECB79400CE1758 = {
			isa = PBXGroup;
			children = (
				881104A71CECB79400CE1758 /* CrossfitStocznia */,
				881104A61CECB79400CE1758 /* Products */,
			);
			sourceTree = "<group>";
		};
		881104A61CECB79400CE1758 /* Products */ = {
			isa = PBXGroup;
			children = (
				881104A51CECB79400CE1758 /* CrossfitStocznia.app */,
			);
			name = Products;
			sourceTree = "<group>";
		};
		881104A71CECB79400CE1758 /* CrossfitStocznia */ = {
			isa = PBXGroup;
			children = (
				881104A81CECB79400CE1758 /* AppDelegate.swift */,
				881104AC1CECB79400CE1758 /* Main.storyboard */,
				881104AF1CECB79400CE1758 /* Assets.xcassets */,
				881104B11CECB79400CE1758 /* LaunchScreen.storyboard */,
				88485DF11DA507A5008B0BA4 /* logo-red.png */,
				881104B41CECB79400CE1758 /* Info.plist */,
				88485DF31DA508E0008B0BA4 /* stocznia.jpg */,
				881104BA1CECD9E000CE1758 /* Training.swift */,
				881104C01CECDE7200CE1758 /* TrainingCell.xib */,
				881104C21CECE03000CE1758 /* TrainingTableViewCell.swift */,
				88485DEF1DA4FFF0008B0BA4 /* LoginViewController.swift */,
				88485DF91DA52D58008B0BA4 /* TrainingsTableViewController.swift */,
				88485DFB1DA53109008B0BA4 /* MyReservationsViewController.swift */,
				88485DFD1DA54B78008B0BA4 /* HttpManager.swift */,
			);
			path = CrossfitStocznia;
			sourceTree = "<group>";
		};
/* End PBXGroup section */

/* Begin PBXNativeTarget section */
		881104A41CECB79400CE1758 /* CrossfitStocznia */ = {
			isa = PBXNativeTarget;
			buildConfigurationList = 881104B71CECB79400CE1758 /* Build configuration list for PBXNativeTarget "CrossfitStocznia" */;
			buildPhases = (
				881104A11CECB79400CE1758 /* Sources */,
				881104A21CECB79400CE1758 /* Frameworks */,
				881104A31CECB79400CE1758 /* Resources */,
			);
			buildRules = (
			);
			dependencies = (
			);
			name = CrossfitStocznia;
			productName = CrossfitStocznia;
			productReference = 881104A51CECB79400CE1758 /* CrossfitStocznia.app */;
			productType = "com.apple.product-type.application";
		};
/* End PBXNativeTarget section */

/* Begin PBXProject section */
		8811049D1CECB79400CE1758 /* Project object */ = {
			isa = PBXProject;
			attributes = {
				LastSwiftUpdateCheck = 0730;
				LastUpgradeCheck = 0800;
				ORGANIZATIONNAME = Jakub;
				TargetAttributes = {
					881104A41CECB79400CE1758 = {
						CreatedOnToolsVersion = 7.3.1;
						DevelopmentTeam = C8GDQ65SQ3;
						LastSwiftMigration = 0800;
					};
				};
			};
			buildConfigurationList = 881104A01CECB79400CE1758 /* Build configuration list for PBXProject "CrossfitStocznia" */;
			compatibilityVersion = "Xcode 3.2";
			developmentRegion = English;
			hasScannedForEncodings = 0;
			knownRegions = (
				en,
				Base,
			);
			mainGroup = 8811049C1CECB79400CE1758;
			productRefGroup = 881104A61CECB79400CE1758 /* Products */;
			projectDirPath = "";
			projectRoot = "";
			targets = (
				881104A41CECB79400CE1758 /* CrossfitStocznia */,
			);
		};
/* End PBXProject section */

/* Begin PBXResourcesBuildPhase section */
		881104A31CECB79400CE1758 /* Resources */ = {
			isa = PBXResourcesBuildPhase;
			buildActionMask = 2147483647;
			files = (
				881104B31CECB79400CE1758 /* LaunchScreen.storyboard in Resources */,
				88485DF21DA507A5008B0BA4 /* logo-red.png in Resources */,
				881104C11CECDE7200CE1758 /* TrainingCell.xib in Resources */,
				881104B01CECB79400CE1758 /* Assets.xcassets in Resources */,
				88485DF41DA508E0008B0BA4 /* stocznia.jpg in Resources */,
				881104AE1CECB79400CE1758 /* Main.storyboard in Resources */,
			);
			runOnlyForDeploymentPostprocessing = 0;
		};
/* End PBXResourcesBuildPhase section */

/* Begin PBXSourcesBuildPhase section */
		881104A11CECB79400CE1758 /* Sources */ = {
			isa = PBXSourcesBuildPhase;
			buildActionMask = 2147483647;
			files = (
				881104C31CECE03000CE1758 /* TrainingTableViewCell.swift in Sources */,
				88485DFE1DA54B78008B0BA4 /* HttpManager.swift in Sources */,
				88485DFC1DA53109008B0BA4 /* MyReservationsViewController.swift in Sources */,
				881104BB1CECD9E000CE1758 /* Training.swift in Sources */,
				88485DF01DA4FFF0008B0BA4 /* LoginViewController.swift in Sources */,
				881104A91CECB79400CE1758 /* AppDelegate.swift in Sources */,
				88485DFA1DA52D58008B0BA4 /* TrainingsTableViewController.swift in Sources */,
			);
			runOnlyForDeploymentPostprocessing = 0;
		};
/* End PBXSourcesBuildPhase section */

/* Begin PBXVariantGroup section */
		881104AC1CECB79400CE1758 /* Main.storyboard */ = {
			isa = PBXVariantGroup;
			children = (
				881104AD1CECB79400CE1758 /* Base */,
			);
			name = Main.storyboard;
			sourceTree = "<group>";
		};
		881104B11CECB79400CE1758 /* LaunchScreen.storyboard */ = {
			isa = PBXVariantGroup;
			children = (
				881104B21CECB79400CE1758 /* Base */,
			);
			name = LaunchScreen.storyboard;
			sourceTree = "<group>";
		};
/* End PBXVariantGroup section */

/* Begin XCBuildConfiguration section */
		881104B51CECB79400CE1758 /* Debug */ = {
			isa = XCBuildConfiguration;
			buildSettings = {
				ALWAYS_SEARCH_USER_PATHS = NO;
				CLANG_ANALYZER_NONNULL = YES;
				CLANG_CXX_LANGUAGE_STANDARD = "gnu++0x";
				CLANG_CXX_LIBRARY = "libc++";
				CLANG_ENABLE_MODULES = YES;
				CLANG_ENABLE_OBJC_ARC = YES;
				CLANG_WARN_BOOL_CONVERSION = YES;
				CLANG_WARN_CONSTANT_CONVERSION = YES;
				CLANG_WARN_DIRECT_OBJC_ISA_USAGE = YES_ERROR;
				CLANG_WARN_EMPTY_BODY = YES;
				CLANG_WARN_ENUM_CONVERSION = YES;
				CLANG_WARN_INFINITE_RECURSION = YES;
				CLANG_WARN_INT_CONVERSION = YES;
				CLANG_WARN_OBJC_ROOT_CLASS = YES_ERROR;
				CLANG_WARN_SUSPICIOUS_MOVE = YES;
				CLANG_WARN_UNREACHABLE_CODE = YES;
				CLANG_WARN__DUPLICATE_METHOD_MATCH = YES;
				"CODE_SIGN_IDENTITY[sdk=iphoneos*]" = "iPhone Developer";
				COPY_PHASE_STRIP = NO;
				DEBUG_INFORMATION_FORMAT = dwarf;
				ENABLE_STRICT_OBJC_MSGSEND = YES;
				ENABLE_TESTABILITY = YES;
				GCC_C_LANGUAGE_STANDARD = gnu99;
				GCC_DYNAMIC_NO_PIC = NO;
				GCC_NO_COMMON_BLOCKS = YES;
				GCC_OPTIMIZATION_LEVEL = 0;
				GCC_PREPROCESSOR_DEFINITIONS = (
					"DEBUG=1",
					"$(inherited)",
				);
				GCC_WARN_64_TO_32_BIT_CONVERSION = YES;
				GCC_WARN_ABOUT_RETURN_TYPE = YES_ERROR;
				GCC_WARN_UNDECLARED_SELECTOR = YES;
				GCC_WARN_UNINITIALIZED_AUTOS = YES_AGGRESSIVE;
				GCC_WARN_UNUSED_FUNCTION = YES;
				GCC_WARN_UNUSED_VARIABLE = YES;
				IPHONEOS_DEPLOYMENT_TARGET = 9.3;
				MTL_ENABLE_DEBUG_INFO = YES;
				ONLY_ACTIVE_ARCH = YES;
				SDKROOT = iphoneos;
				SWIFT_OPTIMIZATION_LEVEL = "-Onone";
			};
			name = Debug;
		};
		881104B61CECB79400CE1758 /* Release */ = {
			isa = XCBuildConfiguration;
			buildSettings = {
				ALWAYS_SEARCH_USER_PATHS = NO;
				CLANG_ANALYZER_NONNULL = YES;
				CLANG_CXX_LANGUAGE_STANDARD = "gnu++0x";
				CLANG_CXX_LIBRARY = "libc++";
				CLANG_ENABLE_MODULES = YES;
				CLANG_ENABLE_OBJC_ARC = YES;
				CLANG_WARN_BOOL_CONVERSION = YES;
				CLANG_WARN_CONSTANT_CONVERSION = YES;
				CLANG_WARN_DIRECT_OBJC_ISA_USAGE = YES_ERROR;
				CLANG_WARN_EMPTY_BODY = YES;
				CLANG_WARN_ENUM_CONVERSION = YES;
				CLANG_WARN_INFINITE_RECURSION = YES;
				CLANG_WARN_INT_CONVERSION = YES;
				CLANG_WARN_OBJC_ROOT_CLASS = YES_ERROR;
				CLANG_WARN_SUSPICIOUS_MOVE = YES;
				CLANG_WARN_UNREACHABLE_CODE = YES;
				CLANG_WARN__DUPLICATE_METHOD_MATCH = YES;
				"CODE_SIGN_IDENTITY[sdk=iphoneos*]" = "iPhone Developer";
				COPY_PHASE_STRIP = NO;
				DEBUG_INFORMATION_FORMAT = "dwarf-with-dsym";
				ENABLE_NS_ASSERTIONS = NO;
				ENABLE_STRICT_OBJC_MSGSEND = YES;
				GCC_C_LANGUAGE_STANDARD = gnu99;
				GCC_NO_COMMON_BLOCKS = YES;
				GCC_WARN_64_TO_32_BIT_CONVERSION = YES;
				GCC_WARN_ABOUT_RETURN_TYPE = YES_ERROR;
				GCC_WARN_UNDECLARED_SELECTOR = YES;
				GCC_WARN_UNINITIALIZED_AUTOS = YES_AGGRESSIVE;
				GCC_WARN_UNUSED_FUNCTION = YES;
				GCC_WARN_UNUSED_VARIABLE = YES;
				IPHONEOS_DEPLOYMENT_TARGET = 9.3;
				MTL_ENABLE_DEBUG_INFO = NO;
				SDKROOT = iphoneos;
				SWIFT_OPTIMIZATION_LEVEL = "-Owholemodule";
				VALIDATE_PRODUCT = YES;
			};
			name = Release;
		};
		881104B81CECB79400CE1758 /* Debug */ = {
			isa = XCBuildConfiguration;
			buildSettings = {
				ASSETCATALOG_COMPILER_APPICON_NAME = AppIcon;
				INFOPLIST_FILE = CrossfitStocznia/Info.plist;
				LD_RUNPATH_SEARCH_PATHS = "$(inherited) @executable_path/Frameworks";
				PRODUCT_BUNDLE_IDENTIFIER = com.Jakub.CrossfitStocznia;
				PRODUCT_NAME = "$(TARGET_NAME)";
				SWIFT_VERSION = 3.0;
			};
			name = Debug;
		};
		881104B91CECB79400CE1758 /* Release */ = {
			isa = XCBuildConfiguration;
			buildSettings = {
				ASSETCATALOG_COMPILER_APPICON_NAME = AppIcon;
				INFOPLIST_FILE = CrossfitStocznia/Info.plist;
				LD_RUNPATH_SEARCH_PATHS = "$(inherited) @executable_path/Frameworks";
				PRODUCT_BUNDLE_IDENTIFIER = com.Jakub.CrossfitStocznia;
				PRODUCT_NAME = "$(TARGET_NAME)";
				SWIFT_VERSION = 3.0;
			};
			name = Release;
		};
/* End XCBuildConfiguration section */

/* Begin XCConfigurationList section */
		881104A01CECB79400CE1758 /* Build configuration list for PBXProject "CrossfitStocznia" */ = {
			isa = XCConfigurationList;
			buildConfigurations = (
				881104B51CECB79400CE1758 /* Debug */,
				881104B61CECB79400CE1758 /* Release */,
			);
			defaultConfigurationIsVisible = 0;
			defaultConfigurationName = Release;
		};
		881104B71CECB79400CE1758 /* Build configuration list for PBXNativeTarget "CrossfitStocznia" */ = {
			isa = XCConfigurationList;
			buildConfigurations = (
				881104B81CECB79400CE1758 /* Debug */,
				881104B91CECB79400CE1758 /* Release */,
			);
			defaultConfigurationIsVisible = 0;
			defaultConfigurationName = Release;
		};
/* End XCConfigurationList section */
	};
	rootObject = 8811049D1CECB79400CE1758 /* Project object */;
}
